
Microsoft Visual Studio Solution File, Format Version 12.00
# Visual Studio Version 16
VisualStudioVersion = 16.0.30413.136
MinimumVisualStudioVersion = 10.0.40219.1
Project("{8BC9CEB8-8B4A-11D0-8D11-00A0C91BC942}") = "Project3", "Project3\Project3.vcxproj", "{0EC07D82-0EC0-40DD-AF73-BACD42B5A7FB}"
EndProject
Global
	GlobalSection(SolutionConfigurationPlatforms) = preSolution
		Debug|x64 = Debug|x64
		Debug|x86 = Debug|x86
		Release|x64 = Release|x64
		Release|x86 = Release|x86
	EndGlobalSection
	GlobalSection(ProjectConfigurationPlatforms) = postSolution
		{0EC07D82-0EC0-40DD-AF73-BACD42B5A7FB}.Debug|x64.ActiveCfg = Debug|x64
		{0EC07D82-0EC0-40DD-AF73-BACD42B5A7FB}.Debug|x64.Build.0 = Debug|x64
		{0EC07D82-0EC0-40DD-AF73-BACD42B5A7FB}.Debug|x86.ActiveCfg = Debug|Win32
		{0EC07D82-0EC0-40DD-AF73-BACD42B5A7FB}.Debug|x86.Build.0 = Debug|Win32
		{0EC07D82-0EC0-40DD-AF73-BACD42B5A7FB}.Release|x64.ActiveCfg = Release|x64
		{0EC07D82-0EC0-40DD-AF73-BACD42B5A7FB}.Release|x64.Build.0 = Release|x64
		{0EC07D82-0EC0-40DD-AF73-BACD42B5A7FB}.Release|x86.ActiveCfg = Release|Win32
		{0EC07D82-0EC0-40DD-AF73-BACD42B5A7FB}.Release|x86.Build.0 = Release|Win32
	EndGlobalSection
	GlobalSection(SolutionProperties) = preSolution
		HideSolutionNode = FALSE
	EndGlobalSection
	GlobalSection(ExtensibilityGlobals) = postSolution
		SolutionGuid = {D059E2D1-C2A5-4DC0-9A51-397C354CF726}
	EndGlobalSection
EndGlobal
